
Microsoft Visual Studio Solution File, Format Version 12.00
# Visual Studio Version 17
VisualStudioVersion = 17.11.35222.181
MinimumVisualStudioVersion = 10.0.40219.1
Project("{2150E333-8FDC-42A3-9474-1A3956D46DE8}") = "Src", "Src", "{104E6C89-C881-48D1-AAA0-1930B03AB57A}"
EndProject
Project("{2150E333-8FDC-42A3-9474-1A3956D46DE8}") = "Presentation", "Presentation", "{14958CAD-BEAA-4A6B-BB01-048A59A328F9}"
EndProject
Project("{2150E333-8FDC-42A3-9474-1A3956D46DE8}") = "Framework", "Framework", "{831ED53B-0BAC-44E2-8CCD-B6FCEA5150F7}"
EndProject
Project("{9A19103F-16F7-4668-BE54-9A1E7A4F7556}") = "RokhMAUI.Framework", "Src\Framework\RokhMAUI.Framework\RokhMAUI.Framework.csproj", "{14D89611-FBAE-4548-92C4-C7B07BFCCEF0}"
EndProject
Project("{FAE04EC0-301F-11D3-BF4B-00C04F79EFBC}") = "RokhMAUI.Presentation", "Src\Presentation\RokhMAUI.Presentation\RokhMAUI.Presentation.csproj", "{2F9F0FA9-DC99-436B-852E-D36DA2626935}"
EndProject
Global
	GlobalSection(SolutionConfigurationPlatforms) = preSolution
		Debug|Any CPU = Debug|Any CPU
		Release|Any CPU = Release|Any CPU
	EndGlobalSection
	GlobalSection(ProjectConfigurationPlatforms) = postSolution
		{14D89611-FBAE-4548-92C4-C7B07BFCCEF0}.Debug|Any CPU.ActiveCfg = Debug|Any CPU
		{14D89611-FBAE-4548-92C4-C7B07BFCCEF0}.Debug|Any CPU.Build.0 = Debug|Any CPU
		{14D89611-FBAE-4548-92C4-C7B07BFCCEF0}.Release|Any CPU.ActiveCfg = Release|Any CPU
		{14D89611-FBAE-4548-92C4-C7B07BFCCEF0}.Release|Any CPU.Build.0 = Release|Any CPU
		{2F9F0FA9-DC99-436B-852E-D36DA2626935}.Debug|Any CPU.ActiveCfg = Debug|Any CPU
		{2F9F0FA9-DC99-436B-852E-D36DA2626935}.Debug|Any CPU.Build.0 = Debug|Any CPU
		{2F9F0FA9-DC99-436B-852E-D36DA2626935}.Debug|Any CPU.Deploy.0 = Debug|Any CPU
		{2F9F0FA9-DC99-436B-852E-D36DA2626935}.Release|Any CPU.ActiveCfg = Release|Any CPU
		{2F9F0FA9-DC99-436B-852E-D36DA2626935}.Release|Any CPU.Build.0 = Release|Any CPU
		{2F9F0FA9-DC99-436B-852E-D36DA2626935}.Release|Any CPU.Deploy.0 = Release|Any CPU
	EndGlobalSection
	GlobalSection(SolutionProperties) = preSolution
		HideSolutionNode = FALSE
	EndGlobalSection
	GlobalSection(NestedProjects) = preSolution
		{14958CAD-BEAA-4A6B-BB01-048A59A328F9} = {104E6C89-C881-48D1-AAA0-1930B03AB57A}
		{831ED53B-0BAC-44E2-8CCD-B6FCEA5150F7} = {104E6C89-C881-48D1-AAA0-1930B03AB57A}
		{14D89611-FBAE-4548-92C4-C7B07BFCCEF0} = {831ED53B-0BAC-44E2-8CCD-B6FCEA5150F7}
		{2F9F0FA9-DC99-436B-852E-D36DA2626935} = {14958CAD-BEAA-4A6B-BB01-048A59A328F9}
	EndGlobalSection
	GlobalSection(ExtensibilityGlobals) = postSolution
		SolutionGuid = {77E36545-162B-4C63-ADE7-44FF861F254A}
	EndGlobalSection
EndGlobal
